Microsoft Visual Studio Solution File, Format Version 12.00
# Visual Studio Version 17
VisualStudioVersion = 17.5.2.0
MinimumVisualStudioVersion = 10.0.40219.1
Project("{FAE04EC0-301F-11D3-BF4B-00C04F79EFBC}") = "Sampleapp", "Sampleapp\Sampleapp.csproj", "{7BADA8CB-56E7-9A82-F46F-76EAEB094CA6}"
EndProject
Global
	GlobalSection(SolutionConfigurationPlatforms) = preSolution
		Debug|Any CPU = Debug|Any CPU
		Release|Any CPU = Release|Any CPU
	EndGlobalSection
	GlobalSection(ProjectConfigurationPlatforms) = postSolution
		{7BADA8CB-56E7-9A82-F46F-76EAEB094CA6}.Debug|Any CPU.ActiveCfg = Debug|Any CPU
		{7BADA8CB-56E7-9A82-F46F-76EAEB094CA6}.Debug|Any CPU.Build.0 = Debug|Any CPU
		{7BADA8CB-56E7-9A82-F46F-76EAEB094CA6}.Release|Any CPU.ActiveCfg = Release|Any CPU
		{7BADA8CB-56E7-9A82-F46F-76EAEB094CA6}.Release|Any CPU.Build.0 = Release|Any CPU
	EndGlobalSection
	GlobalSection(SolutionProperties) = preSolution
		HideSolutionNode = FALSE
	EndGlobalSection
	GlobalSection(ExtensibilityGlobals) = postSolution
		SolutionGuid = {AEC8C7C8-486F-4990-A0CA-E6FC0ACF6F73}
	EndGlobalSection
EndGlobal
